
Microsoft Visual Studio Solution File, Format Version 12.00
# 
Project("{2150E333-8FDC-42A3-9474-1A3956D46DE8}") = "src", "src", "{634C711A-D7FC-4A96-9025-8D4CFCAC6A78}"
EndProject
Project("{2150E333-8FDC-42A3-9474-1A3956D46DE8}") = "Core", "Core", "{F6D25553-DE02-4AA5-BCCC-7FE49A722134}"
EndProject
Project("{2150E333-8FDC-42A3-9474-1A3956D46DE8}") = "Domain", "Domain", "{EEB3A6CC-FB20-456E-A98C-3103A50BB3F0}"
EndProject
Project("{FAE04EC0-301F-11D3-BF4B-00C04F79EFBC}") = "Motoca.Core.Domain", "src\Core\Domain\Motoca.Core.Domain\Motoca.Core.Domain.csproj", "{EBC01CA9-B0A2-4419-AA97-8F9E318B93FC}"
EndProject
Project("{2150E333-8FDC-42A3-9474-1A3956D46DE8}") = "Infrastructure", "Infrastructure", "{DA993E14-FDF8-4EEC-89E6-BD2A53014483}"
EndProject
Project("{FAE04EC0-301F-11D3-BF4B-00C04F79EFBC}") = "Motoca.Core.Infrastructure.Database", "src\Core\Infrastructure\Motoca.Core.Infrastructure.Database\Motoca.Core.Infrastructure.Database.csproj", "{EDC1E835-C835-4F79-8659-77AF34F21764}"
EndProject
Project("{FAE04EC0-301F-11D3-BF4B-00C04F79EFBC}") = "Motoca.Core.Infrastructure.IoC", "src\Core\Infrastructure\Motoca.Core.Infrastructure.IoC\Motoca.Core.Infrastructure.IoC.csproj", "{F9B0B6BD-5510-4778-B8B6-C0643925BC6D}"
EndProject
Project("{2150E333-8FDC-42A3-9474-1A3956D46DE8}") = "Interfaces", "Interfaces", "{6691ABD5-3C25-47D0-A147-D789944099BD}"
EndProject
Project("{2150E333-8FDC-42A3-9474-1A3956D46DE8}") = "Http", "Http", "{5C43D07E-5E9B-403A-88F3-2E17E5D5A770}"
EndProject
Project("{2150E333-8FDC-42A3-9474-1A3956D46DE8}") = "Api", "Api", "{45D0AB56-7764-452D-99F9-9A6A3250D892}"
EndProject
Project("{FAE04EC0-301F-11D3-BF4B-00C04F79EFBC}") = "Motoca.Core.Interfaces.Http.Api.Common", "src\Core\Interfaces\Http\Api\Motoca.Core.Interfaces.Http.Api.Common\Motoca.Core.Interfaces.Http.Api.Common.csproj", "{F9440F15-4F69-4EA4-BE80-57719C7B7A9F}"
EndProject
Project("{2150E333-8FDC-42A3-9474-1A3956D46DE8}") = "tests", "tests", "{122B3F32-080D-4F26-9986-DBD2B7D8CF03}"
EndProject
Project("{2150E333-8FDC-42A3-9474-1A3956D46DE8}") = "integration-tests", "integration-tests", "{44044F53-7C28-4F33-91EC-AE1BD45CE380}"
EndProject
Project("{FAE04EC0-301F-11D3-BF4B-00C04F79EFBC}") = "Core", "tests\integration-tests\Core\Core.csproj", "{7CD7F65D-A3E8-4309-A2F3-E7ACEB760359}"
EndProject
Project("{2150E333-8FDC-42A3-9474-1A3956D46DE8}") = "Platform", "Platform", "{D7E144F8-0971-4789-BB88-DA442A7E2948}"
EndProject
Project("{2150E333-8FDC-42A3-9474-1A3956D46DE8}") = "Domain", "Domain", "{327673AA-5830-4525-954A-D791FE5D53CB}"
EndProject
Project("{FAE04EC0-301F-11D3-BF4B-00C04F79EFBC}") = "Motoca.Platform.Domain", "src\Platform\Domain\Motoca.Platform.Domain\Motoca.Platform.Domain.csproj", "{869A36C3-728A-4979-8B50-F52F34F426B4}"
EndProject
Project("{2150E333-8FDC-42A3-9474-1A3956D46DE8}") = "Infrastructure", "Infrastructure", "{C7729C01-36E6-45F1-93B0-F858172F9074}"
EndProject
Project("{FAE04EC0-301F-11D3-BF4B-00C04F79EFBC}") = "Motoca.Platform.Infrastructure.Database", "src\Platform\Infrastructure\Motoca.Platform.Infrastructure.Database\Motoca.Platform.Infrastructure.Database.csproj", "{AE405F33-7FB7-49A5-8FBB-AAA2BD874250}"
EndProject
Project("{FAE04EC0-301F-11D3-BF4B-00C04F79EFBC}") = "Motoca.Platform.Infrastructure.IoC", "src\Platform\Infrastructure\Motoca.Platform.Infrastructure.IoC\Motoca.Platform.Infrastructure.IoC.csproj", "{0D9A9F14-A1BA-45CA-BD9A-A6DADE169D90}"
EndProject
Project("{2150E333-8FDC-42A3-9474-1A3956D46DE8}") = "Interfaces", "Interfaces", "{4FC65B96-C873-4D4B-8018-3A12D602260D}"
EndProject
Project("{2150E333-8FDC-42A3-9474-1A3956D46DE8}") = "Http", "Http", "{E425C67B-6AA0-4A5B-9484-3F99862D4310}"
EndProject
Project("{2150E333-8FDC-42A3-9474-1A3956D46DE8}") = "Api", "Api", "{84B52335-8BB1-475B-9EB4-15F7442E8B8B}"
EndProject
Project("{FAE04EC0-301F-11D3-BF4B-00C04F79EFBC}") = "Motoca.Platform.Interfaces.Http.Api.MotocaApi", "src\Platform\Interfaces\Http\Api\Motoca.Platform.Interfaces.Http.Api.MotocaApi\Motoca.Platform.Interfaces.Http.Api.MotocaApi.csproj", "{624223CE-4F96-4FD8-8563-BF01ECD23480}"
EndProject
Project("{FAE04EC0-301F-11D3-BF4B-00C04F79EFBC}") = "Motoca.Core.Infrastructure.Queue", "src\Core\Infrastructure\Motoca.Core.Infrastructure.Queue\Motoca.Core.Infrastructure.Queue.csproj", "{58EB3739-8CAE-41C4-848E-796CA0A88219}"
EndProject
Project("{2150E333-8FDC-42A3-9474-1A3956D46DE8}") = "CLI", "CLI", "{FF2DAFFB-7935-41C9-BFB1-8D3DC21A677C}"
EndProject
Project("{2150E333-8FDC-42A3-9474-1A3956D46DE8}") = "Workers", "Workers", "{1F04762D-1E08-472D-9D12-EEED51CC9EC3}"
EndProject
Project("{FAE04EC0-301F-11D3-BF4B-00C04F79EFBC}") = "Motoca.Platform.Interfaces.CLI.Workers.MotocaConsumer", "src\Platform\Interfaces\CLI\Workers\Motoca.Platform.Interfaces.CLI.Workers.MotocaConsumer\Motoca.Platform.Interfaces.CLI.Workers.MotocaConsumer.csproj", "{84363F42-AFD6-44AB-9275-D451FB78130C}"
EndProject
Project("{2150E333-8FDC-42A3-9474-1A3956D46DE8}") = "Terminals", "Terminals", "{57C98D82-EDC1-461D-8911-32CDC6C9079F}"
EndProject
Project("{FAE04EC0-301F-11D3-BF4B-00C04F79EFBC}") = "Motoca.Platform.Interfaces.CLI.Terminals.QueueInitializer", "src\Platform\Interfaces\CLI\Terminals\Motoca.Platform.Interfaces.CLI.Terminals.QueueInitializer\Motoca.Platform.Interfaces.CLI.Terminals.QueueInitializer.csproj", "{27DB302F-A217-4D7E-B6D1-9D47258288C6}"
EndProject
Project("{FAE04EC0-301F-11D3-BF4B-00C04F79EFBC}") = "Motoca.Platform.Interfaces.CLI.Terminals.Migrator", "src\Platform\Interfaces\CLI\Terminals\Motoca.Platform.Interfaces.CLI.Terminals.Migrator\Motoca.Platform.Interfaces.CLI.Terminals.Migrator.csproj", "{11D3079A-CFB2-4BCB-A622-3DC8E28DBE67}"
EndProject
Project("{FAE04EC0-301F-11D3-BF4B-00C04F79EFBC}") = "Platform", "tests\integration-tests\Platform\Platform.csproj", "{0CB424DB-BE64-4FC8-8126-426F371376ED}"
EndProject
Project("{2150E333-8FDC-42A3-9474-1A3956D46DE8}") = "unit-tests", "unit-tests", "{0271B094-08B4-460E-BC5D-411DE41BBAB5}"
EndProject
Project("{FAE04EC0-301F-11D3-BF4B-00C04F79EFBC}") = "Core", "tests\unit-tests\Core\Core.csproj", "{18E0CCAB-FE4E-4453-BAD5-B6151C8D4479}"
EndProject
Global
	GlobalSection(SolutionConfigurationPlatforms) = preSolution
		Debug|Any CPU = Debug|Any CPU
		Release|Any CPU = Release|Any CPU
	EndGlobalSection
	GlobalSection(ProjectConfigurationPlatforms) = postSolution
		{EBC01CA9-B0A2-4419-AA97-8F9E318B93FC}.Debug|Any CPU.ActiveCfg = Debug|Any CPU
		{EBC01CA9-B0A2-4419-AA97-8F9E318B93FC}.Debug|Any CPU.Build.0 = Debug|Any CPU
		{EBC01CA9-B0A2-4419-AA97-8F9E318B93FC}.Release|Any CPU.ActiveCfg = Release|Any CPU
		{EBC01CA9-B0A2-4419-AA97-8F9E318B93FC}.Release|Any CPU.Build.0 = Release|Any CPU
		{EDC1E835-C835-4F79-8659-77AF34F21764}.Debug|Any CPU.ActiveCfg = Debug|Any CPU
		{EDC1E835-C835-4F79-8659-77AF34F21764}.Debug|Any CPU.Build.0 = Debug|Any CPU
		{EDC1E835-C835-4F79-8659-77AF34F21764}.Release|Any CPU.ActiveCfg = Release|Any CPU
		{EDC1E835-C835-4F79-8659-77AF34F21764}.Release|Any CPU.Build.0 = Release|Any CPU
		{F9B0B6BD-5510-4778-B8B6-C0643925BC6D}.Debug|Any CPU.ActiveCfg = Debug|Any CPU
		{F9B0B6BD-5510-4778-B8B6-C0643925BC6D}.Debug|Any CPU.Build.0 = Debug|Any CPU
		{F9B0B6BD-5510-4778-B8B6-C0643925BC6D}.Release|Any CPU.ActiveCfg = Release|Any CPU
		{F9B0B6BD-5510-4778-B8B6-C0643925BC6D}.Release|Any CPU.Build.0 = Release|Any CPU
		{F9440F15-4F69-4EA4-BE80-57719C7B7A9F}.Debug|Any CPU.ActiveCfg = Debug|Any CPU
		{F9440F15-4F69-4EA4-BE80-57719C7B7A9F}.Debug|Any CPU.Build.0 = Debug|Any CPU
		{F9440F15-4F69-4EA4-BE80-57719C7B7A9F}.Release|Any CPU.ActiveCfg = Release|Any CPU
		{F9440F15-4F69-4EA4-BE80-57719C7B7A9F}.Release|Any CPU.Build.0 = Release|Any CPU
		{7CD7F65D-A3E8-4309-A2F3-E7ACEB760359}.Debug|Any CPU.ActiveCfg = Debug|Any CPU
		{7CD7F65D-A3E8-4309-A2F3-E7ACEB760359}.Debug|Any CPU.Build.0 = Debug|Any CPU
		{7CD7F65D-A3E8-4309-A2F3-E7ACEB760359}.Release|Any CPU.ActiveCfg = Release|Any CPU
		{7CD7F65D-A3E8-4309-A2F3-E7ACEB760359}.Release|Any CPU.Build.0 = Release|Any CPU
		{869A36C3-728A-4979-8B50-F52F34F426B4}.Debug|Any CPU.ActiveCfg = Debug|Any CPU
		{869A36C3-728A-4979-8B50-F52F34F426B4}.Debug|Any CPU.Build.0 = Debug|Any CPU
		{869A36C3-728A-4979-8B50-F52F34F426B4}.Release|Any CPU.ActiveCfg = Release|Any CPU
		{869A36C3-728A-4979-8B50-F52F34F426B4}.Release|Any CPU.Build.0 = Release|Any CPU
		{AE405F33-7FB7-49A5-8FBB-AAA2BD874250}.Debug|Any CPU.ActiveCfg = Debug|Any CPU
		{AE405F33-7FB7-49A5-8FBB-AAA2BD874250}.Debug|Any CPU.Build.0 = Debug|Any CPU
		{AE405F33-7FB7-49A5-8FBB-AAA2BD874250}.Release|Any CPU.ActiveCfg = Release|Any CPU
		{AE405F33-7FB7-49A5-8FBB-AAA2BD874250}.Release|Any CPU.Build.0 = Release|Any CPU
		{0D9A9F14-A1BA-45CA-BD9A-A6DADE169D90}.Debug|Any CPU.ActiveCfg = Debug|Any CPU
		{0D9A9F14-A1BA-45CA-BD9A-A6DADE169D90}.Debug|Any CPU.Build.0 = Debug|Any CPU
		{0D9A9F14-A1BA-45CA-BD9A-A6DADE169D90}.Release|Any CPU.ActiveCfg = Release|Any CPU
		{0D9A9F14-A1BA-45CA-BD9A-A6DADE169D90}.Release|Any CPU.Build.0 = Release|Any CPU
		{624223CE-4F96-4FD8-8563-BF01ECD23480}.Debug|Any CPU.ActiveCfg = Debug|Any CPU
		{624223CE-4F96-4FD8-8563-BF01ECD23480}.Debug|Any CPU.Build.0 = Debug|Any CPU
		{624223CE-4F96-4FD8-8563-BF01ECD23480}.Release|Any CPU.ActiveCfg = Release|Any CPU
		{624223CE-4F96-4FD8-8563-BF01ECD23480}.Release|Any CPU.Build.0 = Release|Any CPU
		{58EB3739-8CAE-41C4-848E-796CA0A88219}.Debug|Any CPU.ActiveCfg = Debug|Any CPU
		{58EB3739-8CAE-41C4-848E-796CA0A88219}.Debug|Any CPU.Build.0 = Debug|Any CPU
		{58EB3739-8CAE-41C4-848E-796CA0A88219}.Release|Any CPU.ActiveCfg = Release|Any CPU
		{58EB3739-8CAE-41C4-848E-796CA0A88219}.Release|Any CPU.Build.0 = Release|Any CPU
		{84363F42-AFD6-44AB-9275-D451FB78130C}.Debug|Any CPU.ActiveCfg = Debug|Any CPU
		{84363F42-AFD6-44AB-9275-D451FB78130C}.Debug|Any CPU.Build.0 = Debug|Any CPU
		{84363F42-AFD6-44AB-9275-D451FB78130C}.Release|Any CPU.ActiveCfg = Release|Any CPU
		{84363F42-AFD6-44AB-9275-D451FB78130C}.Release|Any CPU.Build.0 = Release|Any CPU
		{27DB302F-A217-4D7E-B6D1-9D47258288C6}.Debug|Any CPU.ActiveCfg = Debug|Any CPU
		{27DB302F-A217-4D7E-B6D1-9D47258288C6}.Debug|Any CPU.Build.0 = Debug|Any CPU
		{27DB302F-A217-4D7E-B6D1-9D47258288C6}.Release|Any CPU.ActiveCfg = Release|Any CPU
		{27DB302F-A217-4D7E-B6D1-9D47258288C6}.Release|Any CPU.Build.0 = Release|Any CPU
		{11D3079A-CFB2-4BCB-A622-3DC8E28DBE67}.Debug|Any CPU.ActiveCfg = Debug|Any CPU
		{11D3079A-CFB2-4BCB-A622-3DC8E28DBE67}.Debug|Any CPU.Build.0 = Debug|Any CPU
		{11D3079A-CFB2-4BCB-A622-3DC8E28DBE67}.Release|Any CPU.ActiveCfg = Release|Any CPU
		{11D3079A-CFB2-4BCB-A622-3DC8E28DBE67}.Release|Any CPU.Build.0 = Release|Any CPU
		{0CB424DB-BE64-4FC8-8126-426F371376ED}.Debug|Any CPU.ActiveCfg = Debug|Any CPU
		{0CB424DB-BE64-4FC8-8126-426F371376ED}.Debug|Any CPU.Build.0 = Debug|Any CPU
		{0CB424DB-BE64-4FC8-8126-426F371376ED}.Release|Any CPU.ActiveCfg = Release|Any CPU
		{0CB424DB-BE64-4FC8-8126-426F371376ED}.Release|Any CPU.Build.0 = Release|Any CPU
		{18E0CCAB-FE4E-4453-BAD5-B6151C8D4479}.Debug|Any CPU.ActiveCfg = Debug|Any CPU
		{18E0CCAB-FE4E-4453-BAD5-B6151C8D4479}.Debug|Any CPU.Build.0 = Debug|Any CPU
		{18E0CCAB-FE4E-4453-BAD5-B6151C8D4479}.Release|Any CPU.ActiveCfg = Release|Any CPU
		{18E0CCAB-FE4E-4453-BAD5-B6151C8D4479}.Release|Any CPU.Build.0 = Release|Any CPU
	EndGlobalSection
	GlobalSection(NestedProjects) = preSolution
		{F6D25553-DE02-4AA5-BCCC-7FE49A722134} = {634C711A-D7FC-4A96-9025-8D4CFCAC6A78}
		{EEB3A6CC-FB20-456E-A98C-3103A50BB3F0} = {F6D25553-DE02-4AA5-BCCC-7FE49A722134}
		{EBC01CA9-B0A2-4419-AA97-8F9E318B93FC} = {EEB3A6CC-FB20-456E-A98C-3103A50BB3F0}
		{DA993E14-FDF8-4EEC-89E6-BD2A53014483} = {F6D25553-DE02-4AA5-BCCC-7FE49A722134}
		{EDC1E835-C835-4F79-8659-77AF34F21764} = {DA993E14-FDF8-4EEC-89E6-BD2A53014483}
		{F9B0B6BD-5510-4778-B8B6-C0643925BC6D} = {DA993E14-FDF8-4EEC-89E6-BD2A53014483}
		{6691ABD5-3C25-47D0-A147-D789944099BD} = {F6D25553-DE02-4AA5-BCCC-7FE49A722134}
		{5C43D07E-5E9B-403A-88F3-2E17E5D5A770} = {6691ABD5-3C25-47D0-A147-D789944099BD}
		{45D0AB56-7764-452D-99F9-9A6A3250D892} = {5C43D07E-5E9B-403A-88F3-2E17E5D5A770}
		{F9440F15-4F69-4EA4-BE80-57719C7B7A9F} = {45D0AB56-7764-452D-99F9-9A6A3250D892}
		{44044F53-7C28-4F33-91EC-AE1BD45CE380} = {122B3F32-080D-4F26-9986-DBD2B7D8CF03}
		{7CD7F65D-A3E8-4309-A2F3-E7ACEB760359} = {44044F53-7C28-4F33-91EC-AE1BD45CE380}
		{D7E144F8-0971-4789-BB88-DA442A7E2948} = {634C711A-D7FC-4A96-9025-8D4CFCAC6A78}
		{327673AA-5830-4525-954A-D791FE5D53CB} = {D7E144F8-0971-4789-BB88-DA442A7E2948}
		{869A36C3-728A-4979-8B50-F52F34F426B4} = {327673AA-5830-4525-954A-D791FE5D53CB}
		{C7729C01-36E6-45F1-93B0-F858172F9074} = {D7E144F8-0971-4789-BB88-DA442A7E2948}
		{AE405F33-7FB7-49A5-8FBB-AAA2BD874250} = {C7729C01-36E6-45F1-93B0-F858172F9074}
		{0D9A9F14-A1BA-45CA-BD9A-A6DADE169D90} = {C7729C01-36E6-45F1-93B0-F858172F9074}
		{4FC65B96-C873-4D4B-8018-3A12D602260D} = {D7E144F8-0971-4789-BB88-DA442A7E2948}
		{E425C67B-6AA0-4A5B-9484-3F99862D4310} = {4FC65B96-C873-4D4B-8018-3A12D602260D}
		{84B52335-8BB1-475B-9EB4-15F7442E8B8B} = {E425C67B-6AA0-4A5B-9484-3F99862D4310}
		{624223CE-4F96-4FD8-8563-BF01ECD23480} = {84B52335-8BB1-475B-9EB4-15F7442E8B8B}
		{58EB3739-8CAE-41C4-848E-796CA0A88219} = {DA993E14-FDF8-4EEC-89E6-BD2A53014483}
		{FF2DAFFB-7935-41C9-BFB1-8D3DC21A677C} = {4FC65B96-C873-4D4B-8018-3A12D602260D}
		{1F04762D-1E08-472D-9D12-EEED51CC9EC3} = {FF2DAFFB-7935-41C9-BFB1-8D3DC21A677C}
		{84363F42-AFD6-44AB-9275-D451FB78130C} = {1F04762D-1E08-472D-9D12-EEED51CC9EC3}
		{57C98D82-EDC1-461D-8911-32CDC6C9079F} = {FF2DAFFB-7935-41C9-BFB1-8D3DC21A677C}
		{27DB302F-A217-4D7E-B6D1-9D47258288C6} = {57C98D82-EDC1-461D-8911-32CDC6C9079F}
		{11D3079A-CFB2-4BCB-A622-3DC8E28DBE67} = {57C98D82-EDC1-461D-8911-32CDC6C9079F}
		{0CB424DB-BE64-4FC8-8126-426F371376ED} = {44044F53-7C28-4F33-91EC-AE1BD45CE380}
		{0271B094-08B4-460E-BC5D-411DE41BBAB5} = {122B3F32-080D-4F26-9986-DBD2B7D8CF03}
		{18E0CCAB-FE4E-4453-BAD5-B6151C8D4479} = {0271B094-08B4-460E-BC5D-411DE41BBAB5}
	EndGlobalSection
EndGlobal
